github.com/molecule-man/go-brrr v0.5.1 h1:Wt1q3YEep0ObICHo/+Sb/6Dq9d+0KLaqF4MncCFXUA4=
github.com/molecule-man/go-brrr v0.5.1/go.mod h1:7ybW6/7gA3oKY45jOfVNjSJDtrr6ea4tzbsTkjmQDC4=
golang.org/x/tools v0.30.0 h1:BgcpHewrV5AUp2G9MebG4XPFI1E2W41zU1SaqVA9vJY=
golang.org/x/tools v0.30.0/go.mod h1:c347cR/OJfw5TI+GfX7RUPNMdDRRbjvYTS0jPyvsVtY=
